<?xml version="1.0" encoding="utf-8"?>
<Project ToolsVersion="4.0" xmlns="http://schemas.microsoft.com/developer/msbuild/2003">
  <ItemGroup>
    <Filter Include="Source Files">
      <UniqueIdentifier>{4FC737F1-C7A5-4376-A066-2A32D752A2FF}</UniqueIdentifier>
      <Extensions>cpp;c;cc;cxx;c++;cppm;ixx;def;odl;idl;hpj;bat;asm;asmx</Extensions>
    </Filter>
    <Filter Include="Header Files">
      <UniqueIdentifier>{93995380-89BD-4b04-88EB-625FBE52EBFB}</UniqueIdentifier>
      <Extensions>h;hh;hpp;hxx;h++;hm;inl;inc;ipp;xsd</Extensions>
    </Filter>
    <Filter Include="Resource Files">
      <UniqueIdentifier>{67DA6AB6-F800-4c08-8B7A-83BB121AAD01}</UniqueIdentifier>
      <Extensions>rc;ico;cur;bmp;dlg;rc2;rct;bin;rgs;gif;jpg;jpeg;jpe;resx;tiff;tif;png;wav;mfcribbon-ms</Extensions>
    </Filter>
    <Filter Include="GoF">
      <UniqueIdentifier>{228f8e9e-bf61-473c-8757-787d71b1245d}</UniqueIdentifier>
    </Filter>
    <Filter Include="GoF\Structural">
      <UniqueIdentifier>{b2254a41-3132-4c0f-8a90-9ee704e949ad}</UniqueIdentifier>
    </Filter>
    <Filter Include="GoF\Behavioral">
      <UniqueIdentifier>{11e5a51a-7f0a-4b30-aef0-ed14dadbfb06}</UniqueIdentifier>
    </Filter>
    <Filter Include="GoF\Creational">
      <UniqueIdentifier>{c0e9743c-c932-4af0-b31e-710f71ee58e4}</UniqueIdentifier>
    </Filter>
    <Filter Include="GoF\Creational\Singleton">
      <UniqueIdentifier>{e3130a6e-576f-4a97-ae52-4ecd6b1e0a0c}</UniqueIdentifier>
    </Filter>
  </ItemGroup>
  <ItemGroup>
    <ClCompile Include="DesignPatterns.cpp">
      <Filter>Source Files</Filter>
    </ClCompile>
    <ClCompile Include="GOFDesignPatterns\Creational\Singleton\SingletonImplementer.cpp">
      <Filter>GoF\Creational\Singleton</Filter>
    </ClCompile>
  </ItemGroup>
  <ItemGroup>
    <ClInclude Include="GOFDesignPatterns\Creational\Singleton\Singleton.h">
      <Filter>GoF\Creational\Singleton</Filter>
    </ClInclude>
    <ClInclude Include="GOFDesignPatterns\Creational\Singleton\SingletonImplementer.h">
      <Filter>GoF\Creational\Singleton</Filter>
    </ClInclude>
  </ItemGroup>
</Project>