<?xml version="1.0" encoding="utf-8"?>
<Project ToolsVersion="4.0" xmlns="http://schemas.microsoft.com/developer/msbuild/2003">
  <ItemGroup>
    <Filter Include="Source Files">
      <UniqueIdentifier>{4FC737F1-C7A5-4376-A066-2A32D752A2FF}</UniqueIdentifier>
      <Extensions>cpp;c;cc;cxx;c++;cppm;ixx;def;odl;idl;hpj;bat;asm;asmx</Extensions>
    </Filter>
    <Filter Include="Header Files">
      <UniqueIdentifier>{93995380-89BD-4b04-88EB-625FBE52EBFB}</UniqueIdentifier>
      <Extensions>h;hh;hpp;hxx;h++;hm;inl;inc;ipp;xsd</Extensions>
    </Filter>
    <Filter Include="Resource Files">
      <UniqueIdentifier>{67DA6AB6-F800-4c08-8B7A-83BB121AAD01}</UniqueIdentifier>
      <Extensions>rc;ico;cur;bmp;dlg;rc2;rct;bin;rgs;gif;jpg;jpeg;jpe;resx;tiff;tif;png;wav;mfcribbon-ms</Extensions>
    </Filter>
    <Filter Include="Header Files\GOF Design Patterns">
      <UniqueIdentifier>{c2c8dabb-5269-47de-9518-6d48d101167f}</UniqueIdentifier>
    </Filter>
    <Filter Include="Header Files\GOF Design Patterns\Creational">
      <UniqueIdentifier>{048a7518-91e8-4072-bdce-3a363398ef8e}</UniqueIdentifier>
    </Filter>
    <Filter Include="Header Files\GOF Design Patterns\Creational\Singleton">
      <UniqueIdentifier>{1d8adfdc-16ee-4bd8-b686-e9505c531ba3}</UniqueIdentifier>
    </Filter>
    <Filter Include="Header Files\GOF Design Patterns\Creational\Singleton\Header Files">
      <UniqueIdentifier>{1a023084-ec68-4bd3-ac63-f718623822e4}</UniqueIdentifier>
    </Filter>
    <Filter Include="Header Files\GOF Design Patterns\Creational\Singleton\Source Files">
      <UniqueIdentifier>{0a5c4e14-8c68-4166-8a9d-4ae4acbeb442}</UniqueIdentifier>
    </Filter>
    <Filter Include="Header Files\GOF Design Patterns\Behavioral">
      <UniqueIdentifier>{78d94493-2885-4dd2-902f-565c8ef28f1a}</UniqueIdentifier>
    </Filter>
    <Filter Include="Header Files\GOF Design Patterns\Structural">
      <UniqueIdentifier>{2de4f838-f1b3-4654-9097-0c23c40a92b6}</UniqueIdentifier>
    </Filter>
  </ItemGroup>
  <ItemGroup>
    <ClCompile Include="DesignPatterns.cpp">
      <Filter>Source Files</Filter>
    </ClCompile>
    <ClCompile Include="SingletonImplementer.cpp">
      <Filter>Header Files\GOF Design Patterns\Creational\Singleton\Source Files</Filter>
    </ClCompile>
  </ItemGroup>
  <ItemGroup>
    <ClInclude Include="Singleton.h">
      <Filter>Header Files\GOF Design Patterns\Creational\Singleton\Header Files</Filter>
    </ClInclude>
    <ClInclude Include="SingletonImplementer.h">
      <Filter>Header Files\GOF Design Patterns\Creational\Singleton\Header Files</Filter>
    </ClInclude>
  </ItemGroup>
</Project>